// !$*UTF8*$!
{
	archiveVersion = 1;
	classes = {
	};
	objectVersion = 50;
	objects = {

/* Begin PBXBuildFile section */
		165D1D8A212F37C100C7A3BE /* AppDelegate.swift in Sources */ = {isa = PBXBuildFile; fileRef = 165D1D89212F37C100C7A3BE /* AppDelegate.swift */; };
		165D1D8C212F37C100C7A3BE /* ViewController.swift in Sources */ = {isa = PBXBuildFile; fileRef = 165D1D8B212F37C100C7A3BE /* ViewController.swift */; };
		165D1D8F212F37C100C7A3BE /* Main.storyboard in Resources */ = {isa = PBXBuildFile; fileRef = 165D1D8D212F37C100C7A3BE /* Main.storyboard */; };
		165D1D92212F37C100C7A3BE /* Movie_Challenge.xcdatamodeld in Sources */ = {isa = PBXBuildFile; fileRef = 165D1D90212F37C100C7A3BE /* Movie_Challenge.xcdatamodeld */; };
		165D1D94212F37C800C7A3BE /* Assets.xcassets in Resources */ = {isa = PBXBuildFile; fileRef = 165D1D93212F37C800C7A3BE /* Assets.xcassets */; };
		165D1D97212F37C800C7A3BE /* LaunchScreen.storyboard in Resources */ = {isa = PBXBuildFile; fileRef = 165D1D95212F37C800C7A3BE /* LaunchScreen.storyboard */; };
		165D1DA1212F384E00C7A3BE /* Movie.swift in Sources */ = {isa = PBXBuildFile; fileRef = 165D1D9F212F384E00C7A3BE /* Movie.swift */; };
		165D1DA2212F384E00C7A3BE /* MoviedbAPI.swift in Sources */ = {isa = PBXBuildFile; fileRef = 165D1DA0212F384E00C7A3BE /* MoviedbAPI.swift */; };
/* End PBXBuildFile section */

/* Begin PBXFileReference section */
		165D1D86212F37C100C7A3BE /* Movie Challenge.app */ = {isa = PBXFileReference; explicitFileType = wrapper.application; includeInIndex = 0; path = "Movie Challenge.app"; sourceTree = BUILT_PRODUCTS_DIR; };
		165D1D89212F37C100C7A3BE /* AppDelegate.swift */ = {isa = PBXFileReference; lastKnownFileType = sourcecode.swift; path = AppDelegate.swift; sourceTree = "<group>"; };
		165D1D8B212F37C100C7A3BE /* ViewController.swift */ = {isa = PBXFileReference; lastKnownFileType = sourcecode.swift; path = ViewController.swift; sourceTree = "<group>"; };
		165D1D8E212F37C100C7A3BE /* Base */ = {isa = PBXFileReference; lastKnownFileType = file.storyboard; name = Base; path = Base.lproj/Main.storyboard; sourceTree = "<group>"; };
		165D1D91212F37C100C7A3BE /* Movie_Challenge.xcdatamodel */ = {isa = PBXFileReference; lastKnownFileType = wrapper.xcdatamodel; path = Movie_Challenge.xcdatamodel; sourceTree = "<group>"; };
		165D1D93212F37C800C7A3BE /* Assets.xcassets */ = {isa = PBXFileReference; lastKnownFileType = folder.assetcatalog; path = Assets.xcassets; sourceTree = "<group>"; };
		165D1D96212F37C800C7A3BE /* Base */ = {isa = PBXFileReference; lastKnownFileType = file.storyboard; name = Base; path = Base.lproj/LaunchScreen.storyboard; sourceTree = "<group>"; };
		165D1D98212F37C800C7A3BE /* Info.plist */ = {isa = PBXFileReference; lastKnownFileType = text.plist.xml; path = Info.plist; sourceTree = "<group>"; };
		165D1D9F212F384E00C7A3BE /* Movie.swift */ = {isa = PBXFileReference; fileEncoding = 4; lastKnownFileType = sourcecode.swift; path = Movie.swift; sourceTree = "<group>"; };
		165D1DA0212F384E00C7A3BE /* MoviedbAPI.swift */ = {isa = PBXFileReference; fileEncoding = 4; lastKnownFileType = sourcecode.swift; path = MoviedbAPI.swift; sourceTree = "<group>"; };
/* End PBXFileReference section */

/* Begin PBXFrameworksBuildPhase section */
		165D1D83212F37C100C7A3BE /* Frameworks */ = {
			isa = PBXFrameworksBuildPhase;
			buildActionMask = 2147483647;
			files = (
			);
			runOnlyForDeploymentPostprocessing = 0;
		};
/* End PBXFrameworksBuildPhase section */

/* Begin PBXGroup section */
		165D1D7D212F37C100C7A3BE = {
			isa = PBXGroup;
			children = (
				165D1D88212F37C100C7A3BE /* Movie Challenge */,
				165D1D87212F37C100C7A3BE /* Products */,
			);
			sourceTree = "<group>";
		};
		165D1D87212F37C100C7A3BE /* Products */ = {
			isa = PBXGroup;
			children = (
				165D1D86212F37C100C7A3BE /* Movie Challenge.app */,
			);
			name = Products;
			sourceTree = "<group>";
		};
		165D1D88212F37C100C7A3BE /* Movie Challenge */ = {
			isa = PBXGroup;
			children = (
				165D1D9E212F37E500C7A3BE /* Services */,
				165D1D89212F37C100C7A3BE /* AppDelegate.swift */,
				165D1D8B212F37C100C7A3BE /* ViewController.swift */,
				165D1D8D212F37C100C7A3BE /* Main.storyboard */,
				165D1D93212F37C800C7A3BE /* Assets.xcassets */,
				165D1D95212F37C800C7A3BE /* LaunchScreen.storyboard */,
				165D1D98212F37C800C7A3BE /* Info.plist */,
				165D1D90212F37C100C7A3BE /* Movie_Challenge.xcdatamodeld */,
			);
			path = "Movie Challenge";
			sourceTree = "<group>";
		};
		165D1D9E212F37E500C7A3BE /* Services */ = {
			isa = PBXGroup;
			children = (
				165D1DA0212F384E00C7A3BE /* MoviedbAPI.swift */,
				165D1D9F212F384E00C7A3BE /* Movie.swift */,
			);
			path = Services;
			sourceTree = "<group>";
		};
/* End PBXGroup section */

/* Begin PBXNativeTarget section */
		165D1D85212F37C100C7A3BE /* Movie Challenge */ = {
			isa = PBXNativeTarget;
			buildConfigurationList = 165D1D9B212F37C800C7A3BE /* Build configuration list for PBXNativeTarget "Movie Challenge" */;
			buildPhases = (
				165D1D82212F37C100C7A3BE /* Sources */,
				165D1D83212F37C100C7A3BE /* Frameworks */,
				165D1D84212F37C100C7A3BE /* Resources */,
			);
			buildRules = (
			);
			dependencies = (
			);
			name = "Movie Challenge";
			productName = "Movie Challenge";
			productReference = 165D1D86212F37C100C7A3BE /* Movie Challenge.app */;
			productType = "com.apple.product-type.application";
		};
/* End PBXNativeTarget section */

/* Begin PBXProject section */
		165D1D7E212F37C100C7A3BE /* Project object */ = {
			isa = PBXProject;
			attributes = {
				LastSwiftUpdateCheck = 0940;
				LastUpgradeCheck = 0940;
				ORGANIZATIONNAME = "igor gomes arantes";
				TargetAttributes = {
					165D1D85212F37C100C7A3BE = {
						CreatedOnToolsVersion = 9.4.1;
					};
				};
			};
			buildConfigurationList = 165D1D81212F37C100C7A3BE /* Build configuration list for PBXProject "Movie Challenge" */;
			compatibilityVersion = "Xcode 9.3";
			developmentRegion = en;
			hasScannedForEncodings = 0;
			knownRegions = (
				en,
				Base,
			);
			mainGroup = 165D1D7D212F37C100C7A3BE;
			productRefGroup = 165D1D87212F37C100C7A3BE /* Products */;
			projectDirPath = "";
			projectRoot = "";
			targets = (
				165D1D85212F37C100C7A3BE /* Movie Challenge */,
			);
		};
/* End PBXProject section */

/* Begin PBXResourcesBuildPhase section */
		165D1D84212F37C100C7A3BE /* Resources */ = {
			isa = PBXResourcesBuildPhase;
			buildActionMask = 2147483647;
			files = (
				165D1D97212F37C800C7A3BE /* LaunchScreen.storyboard in Resources */,
				165D1D94212F37C800C7A3BE /* Assets.xcassets in Resources */,
				165D1D8F212F37C100C7A3BE /* Main.storyboard in Resources */,
			);
			runOnlyForDeploymentPostprocessing = 0;
		};
/* End PBXResourcesBuildPhase section */

/* Begin PBXSourcesBuildPhase section */
		165D1D82212F37C100C7A3BE /* Sources */ = {
			isa = PBXSourcesBuildPhase;
			buildActionMask = 2147483647;
			files = (
				165D1D8C212F37C100C7A3BE /* ViewController.swift in Sources */,
				165D1DA2212F384E00C7A3BE /* MoviedbAPI.swift in Sources */,
				165D1D8A212F37C100C7A3BE /* AppDelegate.swift in Sources */,
				165D1DA1212F384E00C7A3BE /* Movie.swift in Sources */,
				165D1D92212F37C100C7A3BE /* Movie_Challenge.xcdatamodeld in Sources */,
			);
			runOnlyForDeploymentPostprocessing = 0;
		};
/* End PBXSourcesBuildPhase section */

/* Begin PBXVariantGroup section */
		165D1D8D212F37C100C7A3BE /* Main.storyboard */ = {
			isa = PBXVariantGroup;
			children = (
				165D1D8E212F37C100C7A3BE /* Base */,
			);
			name = Main.storyboard;
			sourceTree = "<group>";
		};
		165D1D95212F37C800C7A3BE /* LaunchScreen.storyboard */ = {
			isa = PBXVariantGroup;
			children = (
				165D1D96212F37C800C7A3BE /* Base */,
			);
			name = LaunchScreen.storyboard;
			sourceTree = "<group>";
		};
/* End PBXVariantGroup section */

/* Begin XCBuildConfiguration section */
		165D1D99212F37C800C7A3BE /* Debug */ = {
			isa = XCBuildConfiguration;
			buildSettings = {
				ALWAYS_SEARCH_USER_PATHS = NO;
				CLANG_ANALYZER_NONNULL = YES;
				CLANG_ANALYZER_NUMBER_OBJECT_CONVERSION = YES_AGGRESSIVE;
				CLANG_CXX_LANGUAGE_STANDARD = "gnu++14";
				CLANG_CXX_LIBRARY = "libc++";
				CLANG_ENABLE_MODULES = YES;
				CLANG_ENABLE_OBJC_ARC = YES;
				CLANG_ENABLE_OBJC_WEAK = YES;
				CLANG_WARN_BLOCK_CAPTURE_AUTORELEASING = YES;
				CLANG_WARN_BOOL_CONVERSION = YES;
				CLANG_WARN_COMMA = YES;
				CLANG_WARN_CONSTANT_CONVERSION = YES;
				CLANG_WARN_DEPRECATED_OBJC_IMPLEMENTATIONS = YES;
				CLANG_WARN_DIRECT_OBJC_ISA_USAGE = YES_ERROR;
				CLANG_WARN_DOCUMENTATION_COMMENTS = YES;
				CLANG_WARN_EMPTY_BODY = YES;
				CLANG_WARN_ENUM_CONVERSION = YES;
				CLANG_WARN_INFINITE_RECURSION = YES;
				CLANG_WARN_INT_CONVERSION = YES;
				CLANG_WARN_NON_LITERAL_NULL_CONVERSION = YES;
				CLANG_WARN_OBJC_IMPLICIT_RETAIN_SELF = YES;
				CLANG_WARN_OBJC_LITERAL_CONVERSION = YES;
				CLANG_WARN_OBJC_ROOT_CLASS = YES_ERROR;
				CLANG_WARN_RANGE_LOOP_ANALYSIS = YES;
				CLANG_WARN_STRICT_PROTOTYPES = YES;
				CLANG_WARN_SUSPICIOUS_MOVE = YES;
				CLANG_WARN_UNGUARDED_AVAILABILITY = YES_AGGRESSIVE;
				CLANG_WARN_UNREACHABLE_CODE = YES;
				CLANG_WARN__DUPLICATE_METHOD_MATCH = YES;
				CODE_SIGN_IDENTITY = "iPhone Developer";
				COPY_PHASE_STRIP = NO;
				DEBUG_INFORMATION_FORMAT = dwarf;
				ENABLE_STRICT_OBJC_MSGSEND = YES;
				ENABLE_TESTABILITY = YES;
				GCC_C_LANGUAGE_STANDARD = gnu11;
				GCC_DYNAMIC_NO_PIC = NO;
				GCC_NO_COMMON_BLOCKS = YES;
				GCC_OPTIMIZATION_LEVEL = 0;
				GCC_PREPROCESSOR_DEFINITIONS = (
					"DEBUG=1",
					"$(inherited)",
				);
				GCC_WARN_64_TO_32_BIT_CONVERSION = YES;
				GCC_WARN_ABOUT_RETURN_TYPE = YES_ERROR;
				GCC_WARN_UNDECLARED_SELECTOR = YES;
				GCC_WARN_UNINITIALIZED_AUTOS = YES_AGGRESSIVE;
				GCC_WARN_UNUSED_FUNCTION = YES;
				GCC_WARN_UNUSED_VARIABLE = YES;
				IPHONEOS_DEPLOYMENT_TARGET = 11.4;
				MTL_ENABLE_DEBUG_INFO = YES;
				ONLY_ACTIVE_ARCH = YES;
				SDKROOT = iphoneos;
				SWIFT_ACTIVE_COMPILATION_CONDITIONS = DEBUG;
				SWIFT_OPTIMIZATION_LEVEL = "-Onone";
			};
			name = Debug;
		};
		165D1D9A212F37C800C7A3BE /* Release */ = {
			isa = XCBuildConfiguration;
			buildSettings = {
				ALWAYS_SEARCH_USER_PATHS = NO;
				CLANG_ANALYZER_NONNULL = YES;
				CLANG_ANALYZER_NUMBER_OBJECT_CONVERSION = YES_AGGRESSIVE;
				CLANG_CXX_LANGUAGE_STANDARD = "gnu++14";
				CLANG_CXX_LIBRARY = "libc++";
				CLANG_ENABLE_MODULES = YES;
				CLANG_ENABLE_OBJC_ARC = YES;
				CLANG_ENABLE_OBJC_WEAK = YES;
				CLANG_WARN_BLOCK_CAPTURE_AUTORELEASING = YES;
				CLANG_WARN_BOOL_CONVERSION = YES;
				CLANG_WARN_COMMA = YES;
				CLANG_WARN_CONSTANT_CONVERSION = YES;
				CLANG_WARN_DEPRECATED_OBJC_IMPLEMENTATIONS = YES;
				CLANG_WARN_DIRECT_OBJC_ISA_USAGE = YES_ERROR;
				CLANG_WARN_DOCUMENTATION_COMMENTS = YES;
				CLANG_WARN_EMPTY_BODY = YES;
				CLANG_WARN_ENUM_CONVERSION = YES;
				CLANG_WARN_INFINITE_RECURSION = YES;
				CLANG_WARN_INT_CONVERSION = YES;
				CLANG_WARN_NON_LITERAL_NULL_CONVERSION = YES;
				CLANG_WARN_OBJC_IMPLICIT_RETAIN_SELF = YES;
				CLANG_WARN_OBJC_LITERAL_CONVERSION = YES;
				CLANG_WARN_OBJC_ROOT_CLASS = YES_ERROR;
				CLANG_WARN_RANGE_LOOP_ANALYSIS = YES;
				CLANG_WARN_STRICT_PROTOTYPES = YES;
				CLANG_WARN_SUSPICIOUS_MOVE = YES;
				CLANG_WARN_UNGUARDED_AVAILABILITY = YES_AGGRESSIVE;
				CLANG_WARN_UNREACHABLE_CODE = YES;
				CLANG_WARN__DUPLICATE_METHOD_MATCH = YES;
				CODE_SIGN_IDENTITY = "iPhone Developer";
				COPY_PHASE_STRIP = NO;
				DEBUG_INFORMATION_FORMAT = "dwarf-with-dsym";
				ENABLE_NS_ASSERTIONS = NO;
				ENABLE_STRICT_OBJC_MSGSEND = YES;
				GCC_C_LANGUAGE_STANDARD = gnu11;
				GCC_NO_COMMON_BLOCKS = YES;
				GCC_WARN_64_TO_32_BIT_CONVERSION = YES;
				GCC_WARN_ABOUT_RETURN_TYPE = YES_ERROR;
				GCC_WARN_UNDECLARED_SELECTOR = YES;
				GCC_WARN_UNINITIALIZED_AUTOS = YES_AGGRESSIVE;
				GCC_WARN_UNUSED_FUNCTION = YES;
				GCC_WARN_UNUSED_VARIABLE = YES;
				IPHONEOS_DEPLOYMENT_TARGET = 11.4;
				MTL_ENABLE_DEBUG_INFO = NO;
				SDKROOT = iphoneos;
				SWIFT_COMPILATION_MODE = wholemodule;
				SWIFT_OPTIMIZATION_LEVEL = "-O";
				VALIDATE_PRODUCT = YES;
			};
			name = Release;
		};
		165D1D9C212F37C800C7A3BE /* Debug */ = {
			isa = XCBuildConfiguration;
			buildSettings = {
				ASSETCATALOG_COMPILER_APPICON_NAME = AppIcon;
				CODE_SIGN_STYLE = Automatic;
				INFOPLIST_FILE = "Movie Challenge/Info.plist";
				LD_RUNPATH_SEARCH_PATHS = (
					"$(inherited)",
					"@executable_path/Frameworks",
				);
				PRODUCT_BUNDLE_IDENTIFIER = "com.igor.Movie-Challenge";
				PRODUCT_NAME = "$(TARGET_NAME)";
				SWIFT_VERSION = 4.0;
				TARGETED_DEVICE_FAMILY = "1,2";
			};
			name = Debug;
		};
		165D1D9D212F37C800C7A3BE /* Release */ = {
			isa = XCBuildConfiguration;
			buildSettings = {
				ASSETCATALOG_COMPILER_APPICON_NAME = AppIcon;
				CODE_SIGN_STYLE = Automatic;
				INFOPLIST_FILE = "Movie Challenge/Info.plist";
				LD_RUNPATH_SEARCH_PATHS = (
					"$(inherited)",
					"@executable_path/Frameworks",
				);
				PRODUCT_BUNDLE_IDENTIFIER = "com.igor.Movie-Challenge";
				PRODUCT_NAME = "$(TARGET_NAME)";
				SWIFT_VERSION = 4.0;
				TARGETED_DEVICE_FAMILY = "1,2";
			};
			name = Release;
		};
/* End XCBuildConfiguration section */

/* Begin XCConfigurationList section */
		165D1D81212F37C100C7A3BE /* Build configuration list for PBXProject "Movie Challenge" */ = {
			isa = XCConfigurationList;
			buildConfigurations = (
				165D1D99212F37C800C7A3BE /* Debug */,
				165D1D9A212F37C800C7A3BE /* Release */,
			);
			defaultConfigurationIsVisible = 0;
			defaultConfigurationName = Release;
		};
		165D1D9B212F37C800C7A3BE /* Build configuration list for PBXNativeTarget "Movie Challenge" */ = {
			isa = XCConfigurationList;
			buildConfigurations = (
				165D1D9C212F37C800C7A3BE /* Debug */,
				165D1D9D212F37C800C7A3BE /* Release */,
			);
			defaultConfigurationIsVisible = 0;
			defaultConfigurationName = Release;
		};
/* End XCConfigurationList section */

/* Begin XCVersionGroup section */
		165D1D90212F37C100C7A3BE /* Movie_Challenge.xcdatamodeld */ = {
			isa = XCVersionGroup;
			children = (
				165D1D91212F37C100C7A3BE /* Movie_Challenge.xcdatamodel */,
			);
			currentVersion = 165D1D91212F37C100C7A3BE /* Movie_Challenge.xcdatamodel */;
			path = Movie_Challenge.xcdatamodeld;
			sourceTree = "<group>";
			versionGroupType = wrapper.xcdatamodel;
		};
/* End XCVersionGroup section */
	};
	rootObject = 165D1D7E212F37C100C7A3BE /* Project object */;
}
